<?xml version="1.0" encoding="utf-8"?>
<Project ToolsVersion="18.0" xmlns="http://schemas.microsoft.com/developer/msbuild/2003">
  <ItemGroup>
    <CustomBuild Include="E:\Book\Dev\TSA\build-msvc\CMakeFiles\0777a0f07f4281d309feae4466ca2376\RUN_TESTS_force.rule">
      <Filter>CMake Rules</Filter>
    </CustomBuild>
  </ItemGroup>
  <ItemGroup>
    <Filter Include="CMake Rules">
      <UniqueIdentifier>{D1B463CD-ACA9-3459-BAED-052B50BED160}</UniqueIdentifier>
    </Filter>
  </ItemGroup>
</Project>
