<?xml version="1.0" encoding="utf-8"?>
<Project ToolsVersion="18.0" xmlns="http://schemas.microsoft.com/developer/msbuild/2003">
  <ItemGroup>
    <ClCompile Include="E:\Book\Dev\TSA\build-msvc\TSA_autogen\mocs_compilation_Debug.cpp">
      <Filter>Source Files</Filter>
    </ClCompile>
    <ClCompile Include="E:\Book\Dev\TSA\src\main.cpp">
      <Filter>Source Files</Filter>
    </ClCompile>
    <ClCompile Include="E:\Book\Dev\TSA\src\App\Application.cpp">
      <Filter>Source Files</Filter>
    </ClCompile>
    <ClCompile Include="E:\Book\Dev\TSA\src\UI\MainWindow.cpp">
      <Filter>Source Files</Filter>
    </ClCompile>
    <ClCompile Include="E:\Book\Dev\TSA\src\UI\ModelTree\ModelTreeWidget.cpp">
      <Filter>Source Files</Filter>
    </ClCompile>
    <ClCompile Include="E:\Book\Dev\TSA\src\UI\Properties\PropertyPanel.cpp">
      <Filter>Source Files</Filter>
    </ClCompile>
    <ClCompile Include="E:\Book\Dev\TSA\src\UI\Dialogs\TransformDialog.cpp">
      <Filter>Source Files</Filter>
    </ClCompile>
    <ClCompile Include="E:\Book\Dev\TSA\src\UI\Dialogs\GridDialog.cpp">
      <Filter>Source Files</Filter>
    </ClCompile>
    <ClCompile Include="E:\Book\Dev\TSA\src\UI\Dialogs\GridSettingsDialog.cpp">
      <Filter>Source Files</Filter>
    </ClCompile>
    <ClCompile Include="E:\Book\Dev\TSA\src\UI\Dialogs\LevelDialog.cpp">
      <Filter>Source Files</Filter>
    </ClCompile>
    <ClCompile Include="E:\Book\Dev\TSA\src\UI\Dialogs\SectionCutDialog.cpp">
      <Filter>Source Files</Filter>
    </ClCompile>
    <ClCompile Include="E:\Book\Dev\TSA\src\UI\Dialogs\HelpDialog.cpp">
      <Filter>Source Files</Filter>
    </ClCompile>
    <ClCompile Include="E:\Book\Dev\TSA\src\UI\Dialogs\StructurePresetDialog.cpp">
      <Filter>Source Files</Filter>
    </ClCompile>
    <ClCompile Include="E:\Book\Dev\TSA\src\UI\Dialogs\BarCreationDialog.cpp">
      <Filter>Source Files</Filter>
    </ClCompile>
    <ClCompile Include="E:\Book\Dev\TSA\src\UI\Dialogs\SurfaceCreationDialog.cpp">
      <Filter>Source Files</Filter>
    </ClCompile>
    <ClCompile Include="E:\Book\Dev\TSA\src\UI\Theme\ThemeManager.cpp">
      <Filter>Source Files</Filter>
    </ClCompile>
    <ClCompile Include="E:\Book\Dev\TSA\src\UI\Ruler\ViewportRuler.cpp">
      <Filter>Source Files</Filter>
    </ClCompile>
    <ClCompile Include="E:\Book\Dev\TSA\src\UI\Ruler\ViewportContainer.cpp">
      <Filter>Source Files</Filter>
    </ClCompile>
    <ClCompile Include="E:\Book\Dev\TSA\src\UI\Widgets\SectionPreviewWidget.cpp">
      <Filter>Source Files</Filter>
    </ClCompile>
    <ClCompile Include="E:\Book\Dev\TSA\src\UI\Ribbon\RibbonButton.cpp">
      <Filter>Source Files</Filter>
    </ClCompile>
    <ClCompile Include="E:\Book\Dev\TSA\src\UI\Ribbon\RibbonPanel.cpp">
      <Filter>Source Files</Filter>
    </ClCompile>
    <ClCompile Include="E:\Book\Dev\TSA\src\UI\Ribbon\RibbonTab.cpp">
      <Filter>Source Files</Filter>
    </ClCompile>
    <ClCompile Include="E:\Book\Dev\TSA\src\UI\Ribbon\RibbonBar.cpp">
      <Filter>Source Files</Filter>
    </ClCompile>
    <ClCompile Include="E:\Book\Dev\TSA\src\UI\Ribbon\RibbonBuilder.cpp">
      <Filter>Source Files</Filter>
    </ClCompile>
    <ClCompile Include="E:\Book\Dev\TSA\src\UI\Dock\VisibilityDock.cpp">
      <Filter>Source Files</Filter>
    </ClCompile>
    <ClCompile Include="E:\Book\Dev\TSA\src\UI\Dock\LogConsoleDock.cpp">
      <Filter>Source Files</Filter>
    </ClCompile>
    <ClCompile Include="E:\Book\Dev\TSA\src\Coordinate\LevelManager.cpp">
      <Filter>Source Files</Filter>
    </ClCompile>
    <ClCompile Include="E:\Book\Dev\TSA\src\Coordinate\CoordinateSystem.cpp">
      <Filter>Source Files</Filter>
    </ClCompile>
    <ClCompile Include="E:\Book\Dev\TSA\src\Coordinate\CylindricalCoordinates.cpp">
      <Filter>Source Files</Filter>
    </ClCompile>
    <ClCompile Include="E:\Book\Dev\TSA\src\Grid\GridDefinition.cpp">
      <Filter>Source Files</Filter>
    </ClCompile>
    <ClCompile Include="E:\Book\Dev\TSA\src\Grid\CartesianGrid.cpp">
      <Filter>Source Files</Filter>
    </ClCompile>
    <ClCompile Include="E:\Book\Dev\TSA\src\Grid\CylindricalGrid.cpp">
      <Filter>Source Files</Filter>
    </ClCompile>
    <ClCompile Include="E:\Book\Dev\TSA\src\Grid\GridLabelRenderer.cpp">
      <Filter>Source Files</Filter>
    </ClCompile>
    <ClCompile Include="E:\Book\Dev\TSA\src\Grid\GridRenderer.cpp">
      <Filter>Source Files</Filter>
    </ClCompile>
    <ClCompile Include="E:\Book\Dev\TSA\src\Grid\GridSnapManager.cpp">
      <Filter>Source Files</Filter>
    </ClCompile>
    <ClCompile Include="E:\Book\Dev\TSA\src\Grid\GridSystem.cpp">
      <Filter>Source Files</Filter>
    </ClCompile>
    <ClCompile Include="E:\Book\Dev\TSA\src\Grid\GridManager.cpp">
      <Filter>Source Files</Filter>
    </ClCompile>
    <ClCompile Include="E:\Book\Dev\TSA\src\Viewer\OccView.cpp">
      <Filter>Source Files</Filter>
    </ClCompile>
    <ClCompile Include="E:\Book\Dev\TSA\src\Viewer\SelectionManager.cpp">
      <Filter>Source Files</Filter>
    </ClCompile>
    <ClCompile Include="E:\Book\Dev\TSA\src\Geometry\BeamGeometry.cpp">
      <Filter>Source Files</Filter>
    </ClCompile>
    <ClCompile Include="E:\Book\Dev\TSA\src\Geometry\SlabGeometry.cpp">
      <Filter>Source Files</Filter>
    </ClCompile>
    <ClCompile Include="E:\Book\Dev\TSA\src\Geometry\WallGeometry.cpp">
      <Filter>Source Files</Filter>
    </ClCompile>
    <ClCompile Include="E:\Book\Dev\TSA\src\Geometry\FoundationGeometry.cpp">
      <Filter>Source Files</Filter>
    </ClCompile>
    <ClCompile Include="E:\Book\Dev\TSA\src\Model\Material.cpp">
      <Filter>Source Files</Filter>
    </ClCompile>
    <ClCompile Include="E:\Book\Dev\TSA\src\Model\Section.cpp">
      <Filter>Source Files</Filter>
    </ClCompile>
    <ClCompile Include="E:\Book\Dev\TSA\src\Model\Node.cpp">
      <Filter>Source Files</Filter>
    </ClCompile>
    <ClCompile Include="E:\Book\Dev\TSA\src\Model\Beam.cpp">
      <Filter>Source Files</Filter>
    </ClCompile>
    <ClCompile Include="E:\Book\Dev\TSA\src\Model\Column.cpp">
      <Filter>Source Files</Filter>
    </ClCompile>
    <ClCompile Include="E:\Book\Dev\TSA\src\Model\Slab.cpp">
      <Filter>Source Files</Filter>
    </ClCompile>
    <ClCompile Include="E:\Book\Dev\TSA\src\Model\Wall.cpp">
      <Filter>Source Files</Filter>
    </ClCompile>
    <ClCompile Include="E:\Book\Dev\TSA\src\Model\Foundation.cpp">
      <Filter>Source Files</Filter>
    </ClCompile>
    <ClCompile Include="E:\Book\Dev\TSA\src\Model\TrussMember.cpp">
      <Filter>Source Files</Filter>
    </ClCompile>
    <ClCompile Include="E:\Book\Dev\TSA\src\Model\Model.cpp">
      <Filter>Source Files</Filter>
    </ClCompile>
    <ClCompile Include="E:\Book\Dev\TSA\src\Model\ModelDiff.cpp">
      <Filter>Source Files</Filter>
    </ClCompile>
    <ClCompile Include="E:\Book\Dev\TSA\src\IO\TSAFile.cpp">
      <Filter>Source Files</Filter>
    </ClCompile>
    <ClCompile Include="E:\Book\Dev\TSA\src\IO\TSAPreviewGenerator.cpp">
      <Filter>Source Files</Filter>
    </ClCompile>
    <ClCompile Include="E:\Book\Dev\TSA\src\Platform\WindowsAssociation.cpp">
      <Filter>Source Files</Filter>
    </ClCompile>
    <ClCompile Include="E:\Book\Dev\TSA\build-msvc\TSA_autogen\3YJK5W5UP7\qrc_resources_Debug.cpp">
      <Filter>Source Files</Filter>
    </ClCompile>
    <ClCompile Include="E:\Book\Dev\TSA\build-msvc\TSA_autogen\mocs_compilation_Release.cpp">
      <Filter>Source Files</Filter>
    </ClCompile>
    <ClCompile Include="E:\Book\Dev\TSA\build-msvc\TSA_autogen\3YJK5W5UP7\qrc_resources_Release.cpp">
      <Filter>Source Files</Filter>
    </ClCompile>
    <ClCompile Include="E:\Book\Dev\TSA\build-msvc\TSA_autogen\mocs_compilation_MinSizeRel.cpp">
      <Filter>Source Files</Filter>
    </ClCompile>
    <ClCompile Include="E:\Book\Dev\TSA\build-msvc\TSA_autogen\3YJK5W5UP7\qrc_resources_MinSizeRel.cpp">
      <Filter>Source Files</Filter>
    </ClCompile>
    <ClCompile Include="E:\Book\Dev\TSA\build-msvc\TSA_autogen\mocs_compilation_RelWithDebInfo.cpp">
      <Filter>Source Files</Filter>
    </ClCompile>
    <ClCompile Include="E:\Book\Dev\TSA\build-msvc\TSA_autogen\3YJK5W5UP7\qrc_resources_RelWithDebInfo.cpp">
      <Filter>Source Files</Filter>
    </ClCompile>
  </ItemGroup>
  <ItemGroup>
    <ClInclude Include="E:\Book\Dev\TSA\src\App\Application.h">
      <Filter>Header Files</Filter>
    </ClInclude>
    <ClInclude Include="E:\Book\Dev\TSA\src\UI\MainWindow.h">
      <Filter>Header Files</Filter>
    </ClInclude>
    <ClInclude Include="E:\Book\Dev\TSA\src\UI\ModelTree\ModelTreeWidget.h">
      <Filter>Header Files</Filter>
    </ClInclude>
    <ClInclude Include="E:\Book\Dev\TSA\src\UI\Properties\PropertyPanel.h">
      <Filter>Header Files</Filter>
    </ClInclude>
    <ClInclude Include="E:\Book\Dev\TSA\src\UI\Dialogs\TransformDialog.h">
      <Filter>Header Files</Filter>
    </ClInclude>
    <ClInclude Include="E:\Book\Dev\TSA\src\UI\Dialogs\GridDialog.h">
      <Filter>Header Files</Filter>
    </ClInclude>
    <ClInclude Include="E:\Book\Dev\TSA\src\UI\Dialogs\GridSettingsDialog.h">
      <Filter>Header Files</Filter>
    </ClInclude>
    <ClInclude Include="E:\Book\Dev\TSA\src\UI\Dialogs\LevelDialog.h">
      <Filter>Header Files</Filter>
    </ClInclude>
    <ClInclude Include="E:\Book\Dev\TSA\src\UI\Dialogs\SectionCutDialog.h">
      <Filter>Header Files</Filter>
    </ClInclude>
    <ClInclude Include="E:\Book\Dev\TSA\src\UI\Dialogs\HelpDialog.h">
      <Filter>Header Files</Filter>
    </ClInclude>
    <ClInclude Include="E:\Book\Dev\TSA\src\UI\Dialogs\StructurePresetDialog.h">
      <Filter>Header Files</Filter>
    </ClInclude>
    <ClInclude Include="E:\Book\Dev\TSA\src\UI\Dialogs\BarCreationDialog.h">
      <Filter>Header Files</Filter>
    </ClInclude>
    <ClInclude Include="E:\Book\Dev\TSA\src\UI\Dialogs\SurfaceCreationDialog.h">
      <Filter>Header Files</Filter>
    </ClInclude>
    <ClInclude Include="E:\Book\Dev\TSA\src\Model\CreationPresets.h">
      <Filter>Header Files</Filter>
    </ClInclude>
    <ClInclude Include="E:\Book\Dev\TSA\src\UI\Theme\ThemeManager.h">
      <Filter>Header Files</Filter>
    </ClInclude>
    <ClInclude Include="E:\Book\Dev\TSA\src\UI\Ruler\ViewportRuler.h">
      <Filter>Header Files</Filter>
    </ClInclude>
    <ClInclude Include="E:\Book\Dev\TSA\src\UI\Ruler\ViewportContainer.h">
      <Filter>Header Files</Filter>
    </ClInclude>
    <ClInclude Include="E:\Book\Dev\TSA\src\UI\Widgets\SectionPreviewWidget.h">
      <Filter>Header Files</Filter>
    </ClInclude>
    <ClInclude Include="E:\Book\Dev\TSA\src\UI\Ribbon\RibbonTypes.h">
      <Filter>Header Files</Filter>
    </ClInclude>
    <ClInclude Include="E:\Book\Dev\TSA\src\UI\Ribbon\RibbonButton.h">
      <Filter>Header Files</Filter>
    </ClInclude>
    <ClInclude Include="E:\Book\Dev\TSA\src\UI\Ribbon\RibbonPanel.h">
      <Filter>Header Files</Filter>
    </ClInclude>
    <ClInclude Include="E:\Book\Dev\TSA\src\UI\Ribbon\RibbonTab.h">
      <Filter>Header Files</Filter>
    </ClInclude>
    <ClInclude Include="E:\Book\Dev\TSA\src\UI\Ribbon\RibbonBar.h">
      <Filter>Header Files</Filter>
    </ClInclude>
    <ClInclude Include="E:\Book\Dev\TSA\src\UI\Ribbon\RibbonBuilder.h">
      <Filter>Header Files</Filter>
    </ClInclude>
    <ClInclude Include="E:\Book\Dev\TSA\src\UI\Dock\VisibilityDock.h">
      <Filter>Header Files</Filter>
    </ClInclude>
    <ClInclude Include="E:\Book\Dev\TSA\src\UI\Dock\LogConsoleDock.h">
      <Filter>Header Files</Filter>
    </ClInclude>
    <ClInclude Include="E:\Book\Dev\TSA\src\Coordinate\Point3D.h">
      <Filter>Header Files</Filter>
    </ClInclude>
    <ClInclude Include="E:\Book\Dev\TSA\src\Coordinate\Level.h">
      <Filter>Header Files</Filter>
    </ClInclude>
    <ClInclude Include="E:\Book\Dev\TSA\src\Coordinate\LevelManager.h">
      <Filter>Header Files</Filter>
    </ClInclude>
    <ClInclude Include="E:\Book\Dev\TSA\src\Coordinate\CoordinateSystem.h">
      <Filter>Header Files</Filter>
    </ClInclude>
    <ClInclude Include="E:\Book\Dev\TSA\src\Coordinate\CylindricalCoordinates.h">
      <Filter>Header Files</Filter>
    </ClInclude>
    <ClInclude Include="E:\Book\Dev\TSA\src\Grid\GridType.h">
      <Filter>Header Files</Filter>
    </ClInclude>
    <ClInclude Include="E:\Book\Dev\TSA\src\Grid\GridDefinition.h">
      <Filter>Header Files</Filter>
    </ClInclude>
    <ClInclude Include="E:\Book\Dev\TSA\src\Grid\CartesianGrid.h">
      <Filter>Header Files</Filter>
    </ClInclude>
    <ClInclude Include="E:\Book\Dev\TSA\src\Grid\CylindricalGrid.h">
      <Filter>Header Files</Filter>
    </ClInclude>
    <ClInclude Include="E:\Book\Dev\TSA\src\Grid\GridLabelRenderer.h">
      <Filter>Header Files</Filter>
    </ClInclude>
    <ClInclude Include="E:\Book\Dev\TSA\src\Grid\GridRenderer.h">
      <Filter>Header Files</Filter>
    </ClInclude>
    <ClInclude Include="E:\Book\Dev\TSA\src\Grid\GridSnapManager.h">
      <Filter>Header Files</Filter>
    </ClInclude>
    <ClInclude Include="E:\Book\Dev\TSA\src\Grid\GridSystem.h">
      <Filter>Header Files</Filter>
    </ClInclude>
    <ClInclude Include="E:\Book\Dev\TSA\src\Grid\GridManager.h">
      <Filter>Header Files</Filter>
    </ClInclude>
    <ClInclude Include="E:\Book\Dev\TSA\src\Viewer\OccView.h">
      <Filter>Header Files</Filter>
    </ClInclude>
    <ClInclude Include="E:\Book\Dev\TSA\src\Viewer\SelectionManager.h">
      <Filter>Header Files</Filter>
    </ClInclude>
    <ClInclude Include="E:\Book\Dev\TSA\src\Geometry\BeamGeometry.h">
      <Filter>Header Files</Filter>
    </ClInclude>
    <ClInclude Include="E:\Book\Dev\TSA\src\Geometry\SlabGeometry.h">
      <Filter>Header Files</Filter>
    </ClInclude>
    <ClInclude Include="E:\Book\Dev\TSA\src\Geometry\WallGeometry.h">
      <Filter>Header Files</Filter>
    </ClInclude>
    <ClInclude Include="E:\Book\Dev\TSA\src\Geometry\FoundationGeometry.h">
      <Filter>Header Files</Filter>
    </ClInclude>
    <ClInclude Include="E:\Book\Dev\TSA\src\Model\Material.h">
      <Filter>Header Files</Filter>
    </ClInclude>
    <ClInclude Include="E:\Book\Dev\TSA\src\Model\Section.h">
      <Filter>Header Files</Filter>
    </ClInclude>
    <ClInclude Include="E:\Book\Dev\TSA\src\Model\Node.h">
      <Filter>Header Files</Filter>
    </ClInclude>
    <ClInclude Include="E:\Book\Dev\TSA\src\Model\Beam.h">
      <Filter>Header Files</Filter>
    </ClInclude>
    <ClInclude Include="E:\Book\Dev\TSA\src\Model\Column.h">
      <Filter>Header Files</Filter>
    </ClInclude>
    <ClInclude Include="E:\Book\Dev\TSA\src\Model\Slab.h">
      <Filter>Header Files</Filter>
    </ClInclude>
    <ClInclude Include="E:\Book\Dev\TSA\src\Model\Wall.h">
      <Filter>Header Files</Filter>
    </ClInclude>
    <ClInclude Include="E:\Book\Dev\TSA\src\Model\Foundation.h">
      <Filter>Header Files</Filter>
    </ClInclude>
    <ClInclude Include="E:\Book\Dev\TSA\src\Model\TrussMember.h">
      <Filter>Header Files</Filter>
    </ClInclude>
    <ClInclude Include="E:\Book\Dev\TSA\src\Model\Model.h">
      <Filter>Header Files</Filter>
    </ClInclude>
    <ClInclude Include="E:\Book\Dev\TSA\src\Model\ModelDiff.h">
      <Filter>Header Files</Filter>
    </ClInclude>
    <ClInclude Include="E:\Book\Dev\TSA\src\IO\TSAFileFormat.h">
      <Filter>Header Files</Filter>
    </ClInclude>
    <ClInclude Include="E:\Book\Dev\TSA\src\IO\TSAFile.h">
      <Filter>Header Files</Filter>
    </ClInclude>
    <ClInclude Include="E:\Book\Dev\TSA\src\IO\TSAPreviewGenerator.h">
      <Filter>Header Files</Filter>
    </ClInclude>
    <ClInclude Include="E:\Book\Dev\TSA\src\Platform\WindowsAssociation.h">
      <Filter>Header Files</Filter>
    </ClInclude>
  </ItemGroup>
  <ItemGroup>
    <CustomBuild Include="E:\Book\Dev\TSA\build-msvc\CMakeFiles\2998815d5a4faf5ed742d428b7be1b92\qrc_resources_(CONFIG).cpp.rule">
      <Filter>CMake Rules</Filter>
    </CustomBuild>
    <CustomBuild Include="E:\Book\Dev\TSA\CMakeLists.txt" />
  </ItemGroup>
  <ItemGroup>
    <None Include="E:\Book\Dev\TSA\resources\resources.qrc" />
  </ItemGroup>
  <ItemGroup>
    <ResourceCompile Include="E:\Book\Dev\TSA\resources\TSA.rc">
      <Filter>Source Files</Filter>
    </ResourceCompile>
  </ItemGroup>
  <ItemGroup>
    <Filter Include="CMake Rules">
      <UniqueIdentifier>{D1B463CD-ACA9-3459-BAED-052B50BED160}</UniqueIdentifier>
    </Filter>
    <Filter Include="Header Files">
      <UniqueIdentifier>{345BB61D-6D6A-3DAC-93BF-C6EA1F5885AB}</UniqueIdentifier>
    </Filter>
    <Filter Include="Source Files">
      <UniqueIdentifier>{BDF0DC76-A532-35B0-83D7-EB194ADE9E90}</UniqueIdentifier>
    </Filter>
  </ItemGroup>
</Project>
