<?xml version="1.0" encoding="utf-8"?>
<Project ToolsVersion="18.0" xmlns="http://schemas.microsoft.com/developer/msbuild/2003">
  <ItemGroup>
    <ClCompile Include="E:\Book\Dev\TSA\build-msvc\TSA_Tests_autogen\mocs_compilation_Debug.cpp">
      <Filter>Source Files</Filter>
    </ClCompile>
    <ClCompile Include="E:\Book\Dev\TSA\tests\test_coordinates.cpp">
      <Filter>Source Files</Filter>
    </ClCompile>
    <ClCompile Include="E:\Book\Dev\TSA\src\Coordinate\LevelManager.cpp">
      <Filter>Source Files</Filter>
    </ClCompile>
    <ClCompile Include="E:\Book\Dev\TSA\src\Coordinate\CoordinateSystem.cpp">
      <Filter>Source Files</Filter>
    </ClCompile>
    <ClCompile Include="E:\Book\Dev\TSA\src\Coordinate\CylindricalCoordinates.cpp">
      <Filter>Source Files</Filter>
    </ClCompile>
    <ClCompile Include="E:\Book\Dev\TSA\src\Model\Material.cpp">
      <Filter>Source Files</Filter>
    </ClCompile>
    <ClCompile Include="E:\Book\Dev\TSA\src\Model\Section.cpp">
      <Filter>Source Files</Filter>
    </ClCompile>
    <ClCompile Include="E:\Book\Dev\TSA\src\Model\Node.cpp">
      <Filter>Source Files</Filter>
    </ClCompile>
    <ClCompile Include="E:\Book\Dev\TSA\src\Model\Beam.cpp">
      <Filter>Source Files</Filter>
    </ClCompile>
    <ClCompile Include="E:\Book\Dev\TSA\src\Model\Column.cpp">
      <Filter>Source Files</Filter>
    </ClCompile>
    <ClCompile Include="E:\Book\Dev\TSA\src\Model\Slab.cpp">
      <Filter>Source Files</Filter>
    </ClCompile>
    <ClCompile Include="E:\Book\Dev\TSA\src\Model\Wall.cpp">
      <Filter>Source Files</Filter>
    </ClCompile>
    <ClCompile Include="E:\Book\Dev\TSA\src\Model\Foundation.cpp">
      <Filter>Source Files</Filter>
    </ClCompile>
    <ClCompile Include="E:\Book\Dev\TSA\src\Model\TrussMember.cpp">
      <Filter>Source Files</Filter>
    </ClCompile>
    <ClCompile Include="E:\Book\Dev\TSA\src\Model\Model.cpp">
      <Filter>Source Files</Filter>
    </ClCompile>
    <ClCompile Include="E:\Book\Dev\TSA\src\Model\ModelDiff.cpp">
      <Filter>Source Files</Filter>
    </ClCompile>
    <ClCompile Include="E:\Book\Dev\TSA\src\Grid\GridDefinition.cpp">
      <Filter>Source Files</Filter>
    </ClCompile>
    <ClCompile Include="E:\Book\Dev\TSA\src\Grid\CartesianGrid.cpp">
      <Filter>Source Files</Filter>
    </ClCompile>
    <ClCompile Include="E:\Book\Dev\TSA\src\Grid\CylindricalGrid.cpp">
      <Filter>Source Files</Filter>
    </ClCompile>
    <ClCompile Include="E:\Book\Dev\TSA\src\Grid\GridSystem.cpp">
      <Filter>Source Files</Filter>
    </ClCompile>
    <ClCompile Include="E:\Book\Dev\TSA\src\Grid\GridManager.cpp">
      <Filter>Source Files</Filter>
    </ClCompile>
    <ClCompile Include="E:\Book\Dev\TSA\src\Grid\GridSnapManager.cpp">
      <Filter>Source Files</Filter>
    </ClCompile>
    <ClCompile Include="E:\Book\Dev\TSA\src\Geometry\BeamGeometry.cpp">
      <Filter>Source Files</Filter>
    </ClCompile>
    <ClCompile Include="E:\Book\Dev\TSA\src\IO\TSAFile.cpp">
      <Filter>Source Files</Filter>
    </ClCompile>
    <ClCompile Include="E:\Book\Dev\TSA\src\IO\TSAPreviewGenerator.cpp">
      <Filter>Source Files</Filter>
    </ClCompile>
    <ClCompile Include="E:\Book\Dev\TSA\build-msvc\TSA_Tests_autogen\mocs_compilation_Release.cpp">
      <Filter>Source Files</Filter>
    </ClCompile>
    <ClCompile Include="E:\Book\Dev\TSA\build-msvc\TSA_Tests_autogen\mocs_compilation_MinSizeRel.cpp">
      <Filter>Source Files</Filter>
    </ClCompile>
    <ClCompile Include="E:\Book\Dev\TSA\build-msvc\TSA_Tests_autogen\mocs_compilation_RelWithDebInfo.cpp">
      <Filter>Source Files</Filter>
    </ClCompile>
  </ItemGroup>
  <ItemGroup>
    <ClInclude Include="E:\Book\Dev\TSA\src\Coordinate\Point3D.h">
      <Filter>Header Files</Filter>
    </ClInclude>
    <ClInclude Include="E:\Book\Dev\TSA\src\Coordinate\Level.h">
      <Filter>Header Files</Filter>
    </ClInclude>
    <ClInclude Include="E:\Book\Dev\TSA\src\Coordinate\LevelManager.h">
      <Filter>Header Files</Filter>
    </ClInclude>
    <ClInclude Include="E:\Book\Dev\TSA\src\Coordinate\CoordinateSystem.h">
      <Filter>Header Files</Filter>
    </ClInclude>
    <ClInclude Include="E:\Book\Dev\TSA\src\Coordinate\CylindricalCoordinates.h">
      <Filter>Header Files</Filter>
    </ClInclude>
    <ClInclude Include="E:\Book\Dev\TSA\src\Model\Material.h">
      <Filter>Header Files</Filter>
    </ClInclude>
    <ClInclude Include="E:\Book\Dev\TSA\src\Model\Section.h">
      <Filter>Header Files</Filter>
    </ClInclude>
    <ClInclude Include="E:\Book\Dev\TSA\src\Model\Node.h">
      <Filter>Header Files</Filter>
    </ClInclude>
    <ClInclude Include="E:\Book\Dev\TSA\src\Model\Beam.h">
      <Filter>Header Files</Filter>
    </ClInclude>
    <ClInclude Include="E:\Book\Dev\TSA\src\Model\Column.h">
      <Filter>Header Files</Filter>
    </ClInclude>
    <ClInclude Include="E:\Book\Dev\TSA\src\Model\Slab.h">
      <Filter>Header Files</Filter>
    </ClInclude>
    <ClInclude Include="E:\Book\Dev\TSA\src\Model\Wall.h">
      <Filter>Header Files</Filter>
    </ClInclude>
    <ClInclude Include="E:\Book\Dev\TSA\src\Model\Foundation.h">
      <Filter>Header Files</Filter>
    </ClInclude>
    <ClInclude Include="E:\Book\Dev\TSA\src\Model\TrussMember.h">
      <Filter>Header Files</Filter>
    </ClInclude>
    <ClInclude Include="E:\Book\Dev\TSA\src\Model\Model.h">
      <Filter>Header Files</Filter>
    </ClInclude>
    <ClInclude Include="E:\Book\Dev\TSA\src\Model\ModelDiff.h">
      <Filter>Header Files</Filter>
    </ClInclude>
    <ClInclude Include="E:\Book\Dev\TSA\src\Grid\GridType.h">
      <Filter>Header Files</Filter>
    </ClInclude>
    <ClInclude Include="E:\Book\Dev\TSA\src\Grid\GridDefinition.h">
      <Filter>Header Files</Filter>
    </ClInclude>
    <ClInclude Include="E:\Book\Dev\TSA\src\Grid\CartesianGrid.h">
      <Filter>Header Files</Filter>
    </ClInclude>
    <ClInclude Include="E:\Book\Dev\TSA\src\Grid\CylindricalGrid.h">
      <Filter>Header Files</Filter>
    </ClInclude>
    <ClInclude Include="E:\Book\Dev\TSA\src\Grid\GridSystem.h">
      <Filter>Header Files</Filter>
    </ClInclude>
    <ClInclude Include="E:\Book\Dev\TSA\src\Grid\GridManager.h">
      <Filter>Header Files</Filter>
    </ClInclude>
    <ClInclude Include="E:\Book\Dev\TSA\src\Grid\GridSnapManager.h">
      <Filter>Header Files</Filter>
    </ClInclude>
    <ClInclude Include="E:\Book\Dev\TSA\src\Geometry\BeamGeometry.h">
      <Filter>Header Files</Filter>
    </ClInclude>
    <ClInclude Include="E:\Book\Dev\TSA\src\IO\TSAFileFormat.h">
      <Filter>Header Files</Filter>
    </ClInclude>
    <ClInclude Include="E:\Book\Dev\TSA\src\IO\TSAFile.h">
      <Filter>Header Files</Filter>
    </ClInclude>
    <ClInclude Include="E:\Book\Dev\TSA\src\IO\TSAPreviewGenerator.h">
      <Filter>Header Files</Filter>
    </ClInclude>
  </ItemGroup>
  <ItemGroup>
    <CustomBuild Include="E:\Book\Dev\TSA\CMakeLists.txt" />
  </ItemGroup>
  <ItemGroup>
    <Filter Include="Header Files">
      <UniqueIdentifier>{345BB61D-6D6A-3DAC-93BF-C6EA1F5885AB}</UniqueIdentifier>
    </Filter>
    <Filter Include="Source Files">
      <UniqueIdentifier>{BDF0DC76-A532-35B0-83D7-EB194ADE9E90}</UniqueIdentifier>
    </Filter>
  </ItemGroup>
</Project>
